Microsoft Visual Studio Solution File, Format Version 12.00
# Visual Studio Version 17
VisualStudioVersion = 17.5.2.0
MinimumVisualStudioVersion = 10.0.40219.1
Project("{FAE04EC0-301F-11D3-BF4B-00C04F79EFBC}") = "ParkingSystem", "ParkingSystem.csproj", "{AF41C367-0BC6-9DA7-82CC-2EB4CB377C2C}"
EndProject
Global
	GlobalSection(SolutionConfigurationPlatforms) = preSolution
		Debug|Any CPU = Debug|Any CPU
		Release|Any CPU = Release|Any CPU
	EndGlobalSection
	GlobalSection(ProjectConfigurationPlatforms) = postSolution
		{AF41C367-0BC6-9DA7-82CC-2EB4CB377C2C}.Debug|Any CPU.ActiveCfg = Debug|Any CPU
		{AF41C367-0BC6-9DA7-82CC-2EB4CB377C2C}.Debug|Any CPU.Build.0 = Debug|Any CPU
		{AF41C367-0BC6-9DA7-82CC-2EB4CB377C2C}.Release|Any CPU.ActiveCfg = Release|Any CPU
		{AF41C367-0BC6-9DA7-82CC-2EB4CB377C2C}.Release|Any CPU.Build.0 = Release|Any CPU
	EndGlobalSection
	GlobalSection(SolutionProperties) = preSolution
		HideSolutionNode = FALSE
	EndGlobalSection
	GlobalSection(ExtensibilityGlobals) = postSolution
		SolutionGuid = {C356740E-5FB3-4FDB-B66F-F3FBA9D89A98}
	EndGlobalSection
EndGlobal
